// !$*UTF8*$!
{
	archiveVersion = 1;
	classes = {
	};
	objectVersion = 55;
	objects = {

/* Begin PBXBuildFile section */
		9E5698932864C91400102BAC /* AppDelegate.swift in Sources */ = {isa = PBXBuildFile; fileRef = 9E5698922864C91400102BAC /* AppDelegate.swift */; };
		9E5698952864C91400102BAC /* SceneDelegate.swift in Sources */ = {isa = PBXBuildFile; fileRef = 9E5698942864C91400102BAC /* SceneDelegate.swift */; };
		9E5698972864C91400102BAC /* ViewController.swift in Sources */ = {isa = PBXBuildFile; fileRef = 9E5698962864C91400102BAC /* ViewController.swift */; };
		9E56989A2864C91400102BAC /* Main.storyboard in Resources */ = {isa = PBXBuildFile; fileRef = 9E5698982864C91400102BAC /* Main.storyboard */; };
		9E56989C2864C91500102BAC /* Assets.xcassets in Resources */ = {isa = PBXBuildFile; fileRef = 9E56989B2864C91500102BAC /* Assets.xcassets */; };
		9E56989F2864C91500102BAC /* LaunchScreen.storyboard in Resources */ = {isa = PBXBuildFile; fileRef = 9E56989D2864C91500102BAC /* LaunchScreen.storyboard */; };
		9E5698A92864D3A200102BAC /* DetailViewController.swift in Sources */ = {isa = PBXBuildFile; fileRef = 9E5698A82864D3A100102BAC /* DetailViewController.swift */; };
		9E5698AB2864D4A500102BAC /* CharacterInformation.swift in Sources */ = {isa = PBXBuildFile; fileRef = 9E5698AA2864D4A500102BAC /* CharacterInformation.swift */; };
		9E5D958628657D8A0007DFF5 /* CustomTableViewCell.swift in Sources */ = {isa = PBXBuildFile; fileRef = 9E5D958528657D8A0007DFF5 /* CustomTableViewCell.swift */; };
		9E5D9588286586B00007DFF5 /* dataProvideer.swift in Sources */ = {isa = PBXBuildFile; fileRef = 9E5D9587286586B00007DFF5 /* dataProvideer.swift */; };
/* End PBXBuildFile section */

/* Begin PBXFileReference section */
		9E56988F2864C91400102BAC /* NewBreakingBadApp.app */ = {isa = PBXFileReference; explicitFileType = wrapper.application; includeInIndex = 0; path = NewBreakingBadApp.app; sourceTree = BUILT_PRODUCTS_DIR; };
		9E5698922864C91400102BAC /* AppDelegate.swift */ = {isa = PBXFileReference; lastKnownFileType = sourcecode.swift; path = AppDelegate.swift; sourceTree = "<group>"; };
		9E5698942864C91400102BAC /* SceneDelegate.swift */ = {isa = PBXFileReference; lastKnownFileType = sourcecode.swift; path = SceneDelegate.swift; sourceTree = "<group>"; };
		9E5698962864C91400102BAC /* ViewController.swift */ = {isa = PBXFileReference; lastKnownFileType = sourcecode.swift; path = ViewController.swift; sourceTree = "<group>"; };
		9E5698992864C91400102BAC /* Base */ = {isa = PBXFileReference; lastKnownFileType = file.storyboard; name = Base; path = Base.lproj/Main.storyboard; sourceTree = "<group>"; };
		9E56989B2864C91500102BAC /* Assets.xcassets */ = {isa = PBXFileReference; lastKnownFileType = folder.assetcatalog; path = Assets.xcassets; sourceTree = "<group>"; };
		9E56989E2864C91500102BAC /* Base */ = {isa = PBXFileReference; lastKnownFileType = file.storyboard; name = Base; path = Base.lproj/LaunchScreen.storyboard; sourceTree = "<group>"; };
		9E5698A02864C91500102BAC /* Info.plist */ = {isa = PBXFileReference; lastKnownFileType = text.plist.xml; path = Info.plist; sourceTree = "<group>"; };
		9E5698A82864D3A100102BAC /* DetailViewController.swift */ = {isa = PBXFileReference; lastKnownFileType = sourcecode.swift; path = DetailViewController.swift; sourceTree = "<group>"; };
		9E5698AA2864D4A500102BAC /* CharacterInformation.swift */ = {isa = PBXFileReference; lastKnownFileType = sourcecode.swift; path = CharacterInformation.swift; sourceTree = "<group>"; };
		9E5D958528657D8A0007DFF5 /* CustomTableViewCell.swift */ = {isa = PBXFileReference; lastKnownFileType = sourcecode.swift; path = CustomTableViewCell.swift; sourceTree = "<group>"; };
		9E5D9587286586B00007DFF5 /* dataProvideer.swift */ = {isa = PBXFileReference; lastKnownFileType = sourcecode.swift; path = dataProvideer.swift; sourceTree = "<group>"; };
/* End PBXFileReference section */

/* Begin PBXFrameworksBuildPhase section */
		9E56988C2864C91400102BAC /* Frameworks */ = {
			isa = PBXFrameworksBuildPhase;
			buildActionMask = 2147483647;
			files = (
			);
			runOnlyForDeploymentPostprocessing = 0;
		};
/* End PBXFrameworksBuildPhase section */

/* Begin PBXGroup section */
		9E5698862864C91400102BAC = {
			isa = PBXGroup;
			children = (
				9E5698912864C91400102BAC /* NewBreakingBadApp */,
				9E5698902864C91400102BAC /* Products */,
			);
			sourceTree = "<group>";
		};
		9E5698902864C91400102BAC /* Products */ = {
			isa = PBXGroup;
			children = (
				9E56988F2864C91400102BAC /* NewBreakingBadApp.app */,
			);
			name = Products;
			sourceTree = "<group>";
		};
		9E5698912864C91400102BAC /* NewBreakingBadApp */ = {
			isa = PBXGroup;
			children = (
				9E5698922864C91400102BAC /* AppDelegate.swift */,
				9E5698942864C91400102BAC /* SceneDelegate.swift */,
				9E5698962864C91400102BAC /* ViewController.swift */,
				9E5D9587286586B00007DFF5 /* dataProvideer.swift */,
				9E5698AA2864D4A500102BAC /* CharacterInformation.swift */,
				9E5698982864C91400102BAC /* Main.storyboard */,
				9E5D958528657D8A0007DFF5 /* CustomTableViewCell.swift */,
				9E5698A82864D3A100102BAC /* DetailViewController.swift */,
				9E56989B2864C91500102BAC /* Assets.xcassets */,
				9E56989D2864C91500102BAC /* LaunchScreen.storyboard */,
				9E5698A02864C91500102BAC /* Info.plist */,
			);
			path = NewBreakingBadApp;
			sourceTree = "<group>";
		};
/* End PBXGroup section */

/* Begin PBXNativeTarget section */
		9E56988E2864C91400102BAC /* NewBreakingBadApp */ = {
			isa = PBXNativeTarget;
			buildConfigurationList = 9E5698A32864C91500102BAC /* Build configuration list for PBXNativeTarget "NewBreakingBadApp" */;
			buildPhases = (
				9E56988B2864C91400102BAC /* Sources */,
				9E56988C2864C91400102BAC /* Frameworks */,
				9E56988D2864C91400102BAC /* Resources */,
			);
			buildRules = (
			);
			dependencies = (
			);
			name = NewBreakingBadApp;
			productName = NewBreakingBadApp;
			productReference = 9E56988F2864C91400102BAC /* NewBreakingBadApp.app */;
			productType = "com.apple.product-type.application";
		};
/* End PBXNativeTarget section */

/* Begin PBXProject section */
		9E5698872864C91400102BAC /* Project object */ = {
			isa = PBXProject;
			attributes = {
				BuildIndependentTargetsInParallel = 1;
				LastSwiftUpdateCheck = 1320;
				LastUpgradeCheck = 1320;
				TargetAttributes = {
					9E56988E2864C91400102BAC = {
						CreatedOnToolsVersion = 13.2.1;
					};
				};
			};
			buildConfigurationList = 9E56988A2864C91400102BAC /* Build configuration list for PBXProject "NewBreakingBadApp" */;
			compatibilityVersion = "Xcode 13.0";
			developmentRegion = en;
			hasScannedForEncodings = 0;
			knownRegions = (
				en,
				Base,
			);
			mainGroup = 9E5698862864C91400102BAC;
			productRefGroup = 9E5698902864C91400102BAC /* Products */;
			projectDirPath = "";
			projectRoot = "";
			targets = (
				9E56988E2864C91400102BAC /* NewBreakingBadApp */,
			);
		};
/* End PBXProject section */

/* Begin PBXResourcesBuildPhase section */
		9E56988D2864C91400102BAC /* Resources */ = {
			isa = PBXResourcesBuildPhase;
			buildActionMask = 2147483647;
			files = (
				9E56989F2864C91500102BAC /* LaunchScreen.storyboard in Resources */,
				9E56989C2864C91500102BAC /* Assets.xcassets in Resources */,
				9E56989A2864C91400102BAC /* Main.storyboard in Resources */,
			);
			runOnlyForDeploymentPostprocessing = 0;
		};
/* End PBXResourcesBuildPhase section */

/* Begin PBXSourcesBuildPhase section */
		9E56988B2864C91400102BAC /* Sources */ = {
			isa = PBXSourcesBuildPhase;
			buildActionMask = 2147483647;
			files = (
				9E5698972864C91400102BAC /* ViewController.swift in Sources */,
				9E5698932864C91400102BAC /* AppDelegate.swift in Sources */,
				9E5698A92864D3A200102BAC /* DetailViewController.swift in Sources */,
				9E5D9588286586B00007DFF5 /* dataProvideer.swift in Sources */,
				9E5D958628657D8A0007DFF5 /* CustomTableViewCell.swift in Sources */,
				9E5698952864C91400102BAC /* SceneDelegate.swift in Sources */,
				9E5698AB2864D4A500102BAC /* CharacterInformation.swift in Sources */,
			);
			runOnlyForDeploymentPostprocessing = 0;
		};
/* End PBXSourcesBuildPhase section */

/* Begin PBXVariantGroup section */
		9E5698982864C91400102BAC /* Main.storyboard */ = {
			isa = PBXVariantGroup;
			children = (
				9E5698992864C91400102BAC /* Base */,
			);
			name = Main.storyboard;
			sourceTree = "<group>";
		};
		9E56989D2864C91500102BAC /* LaunchScreen.storyboard */ = {
			isa = PBXVariantGroup;
			children = (
				9E56989E2864C91500102BAC /* Base */,
			);
			name = LaunchScreen.storyboard;
			sourceTree = "<group>";
		};
/* End PBXVariantGroup section */

/* Begin XCBuildConfiguration section */
		9E5698A12864C91500102BAC /* Debug */ = {
			isa = XCBuildConfiguration;
			buildSettings = {
				ALWAYS_SEARCH_USER_PATHS = NO;
				CLANG_ANALYZER_NONNULL = YES;
				CLANG_ANALYZER_NUMBER_OBJECT_CONVERSION = YES_AGGRESSIVE;
				CLANG_CXX_LANGUAGE_STANDARD = "gnu++17";
				CLANG_CXX_LIBRARY = "libc++";
				CLANG_ENABLE_MODULES = YES;
				CLANG_ENABLE_OBJC_ARC = YES;
				CLANG_ENABLE_OBJC_WEAK = YES;
				CLANG_WARN_BLOCK_CAPTURE_AUTORELEASING = YES;
				CLANG_WARN_BOOL_CONVERSION = YES;
				CLANG_WARN_COMMA = YES;
				CLANG_WARN_CONSTANT_CONVERSION = YES;
				CLANG_WARN_DEPRECATED_OBJC_IMPLEMENTATIONS = YES;
				CLANG_WARN_DIRECT_OBJC_ISA_USAGE = YES_ERROR;
				CLANG_WARN_DOCUMENTATION_COMMENTS = YES;
				CLANG_WARN_EMPTY_BODY = YES;
				CLANG_WARN_ENUM_CONVERSION = YES;
				CLANG_WARN_INFINITE_RECURSION = YES;
				CLANG_WARN_INT_CONVERSION = YES;
				CLANG_WARN_NON_LITERAL_NULL_CONVERSION = YES;
				CLANG_WARN_OBJC_IMPLICIT_RETAIN_SELF = YES;
				CLANG_WARN_OBJC_LITERAL_CONVERSION = YES;
				CLANG_WARN_OBJC_ROOT_CLASS = YES_ERROR;
				CLANG_WARN_QUOTED_INCLUDE_IN_FRAMEWORK_HEADER = YES;
				CLANG_WARN_RANGE_LOOP_ANALYSIS = YES;
				CLANG_WARN_STRICT_PROTOTYPES = YES;
				CLANG_WARN_SUSPICIOUS_MOVE = YES;
				CLANG_WARN_UNGUARDED_AVAILABILITY = YES_AGGRESSIVE;
				CLANG_WARN_UNREACHABLE_CODE = YES;
				CLANG_WARN__DUPLICATE_METHOD_MATCH = YES;
				COPY_PHASE_STRIP = NO;
				DEBUG_INFORMATION_FORMAT = dwarf;
				ENABLE_STRICT_OBJC_MSGSEND = YES;
				ENABLE_TESTABILITY = YES;
				GCC_C_LANGUAGE_STANDARD = gnu11;
				GCC_DYNAMIC_NO_PIC = NO;
				GCC_NO_COMMON_BLOCKS = YES;
				GCC_OPTIMIZATION_LEVEL = 0;
				GCC_PREPROCESSOR_DEFINITIONS = (
					"DEBUG=1",
					"$(inherited)",
				);
				GCC_WARN_64_TO_32_BIT_CONVERSION = YES;
				GCC_WARN_ABOUT_RETURN_TYPE = YES_ERROR;
				GCC_WARN_UNDECLARED_SELECTOR = YES;
				GCC_WARN_UNINITIALIZED_AUTOS = YES_AGGRESSIVE;
				GCC_WARN_UNUSED_FUNCTION = YES;
				GCC_WARN_UNUSED_VARIABLE = YES;
				IPHONEOS_DEPLOYMENT_TARGET = 15.2;
				MTL_ENABLE_DEBUG_INFO = INCLUDE_SOURCE;
				MTL_FAST_MATH = YES;
				ONLY_ACTIVE_ARCH = YES;
				SDKROOT = iphoneos;
				SWIFT_ACTIVE_COMPILATION_CONDITIONS = DEBUG;
				SWIFT_OPTIMIZATION_LEVEL = "-Onone";
			};
			name = Debug;
		};
		9E5698A22864C91500102BAC /* Release */ = {
			isa = XCBuildConfiguration;
			buildSettings = {
				ALWAYS_SEARCH_USER_PATHS = NO;
				CLANG_ANALYZER_NONNULL = YES;
				CLANG_ANALYZER_NUMBER_OBJECT_CONVERSION = YES_AGGRESSIVE;
				CLANG_CXX_LANGUAGE_STANDARD = "gnu++17";
				CLANG_CXX_LIBRARY = "libc++";
				CLANG_ENABLE_MODULES = YES;
				CLANG_ENABLE_OBJC_ARC = YES;
				CLANG_ENABLE_OBJC_WEAK = YES;
				CLANG_WARN_BLOCK_CAPTURE_AUTORELEASING = YES;
				CLANG_WARN_BOOL_CONVERSION = YES;
				CLANG_WARN_COMMA = YES;
				CLANG_WARN_CONSTANT_CONVERSION = YES;
				CLANG_WARN_DEPRECATED_OBJC_IMPLEMENTATIONS = YES;
				CLANG_WARN_DIRECT_OBJC_ISA_USAGE = YES_ERROR;
				CLANG_WARN_DOCUMENTATION_COMMENTS = YES;
				CLANG_WARN_EMPTY_BODY = YES;
				CLANG_WARN_ENUM_CONVERSION = YES;
				CLANG_WARN_INFINITE_RECURSION = YES;
				CLANG_WARN_INT_CONVERSION = YES;
				CLANG_WARN_NON_LITERAL_NULL_CONVERSION = YES;
				CLANG_WARN_OBJC_IMPLICIT_RETAIN_SELF = YES;
				CLANG_WARN_OBJC_LITERAL_CONVERSION = YES;
				CLANG_WARN_OBJC_ROOT_CLASS = YES_ERROR;
				CLANG_WARN_QUOTED_INCLUDE_IN_FRAMEWORK_HEADER = YES;
				CLANG_WARN_RANGE_LOOP_ANALYSIS = YES;
				CLANG_WARN_STRICT_PROTOTYPES = YES;
				CLANG_WARN_SUSPICIOUS_MOVE = YES;
				CLANG_WARN_UNGUARDED_AVAILABILITY = YES_AGGRESSIVE;
				CLANG_WARN_UNREACHABLE_CODE = YES;
				CLANG_WARN__DUPLICATE_METHOD_MATCH = YES;
				COPY_PHASE_STRIP = NO;
				DEBUG_INFORMATION_FORMAT = "dwarf-with-dsym";
				ENABLE_NS_ASSERTIONS = NO;
				ENABLE_STRICT_OBJC_MSGSEND = YES;
				GCC_C_LANGUAGE_STANDARD = gnu11;
				GCC_NO_COMMON_BLOCKS = YES;
				GCC_WARN_64_TO_32_BIT_CONVERSION = YES;
				GCC_WARN_ABOUT_RETURN_TYPE = YES_ERROR;
				GCC_WARN_UNDECLARED_SELECTOR = YES;
				GCC_WARN_UNINITIALIZED_AUTOS = YES_AGGRESSIVE;
				GCC_WARN_UNUSED_FUNCTION = YES;
				GCC_WARN_UNUSED_VARIABLE = YES;
				IPHONEOS_DEPLOYMENT_TARGET = 15.2;
				MTL_ENABLE_DEBUG_INFO = NO;
				MTL_FAST_MATH = YES;
				SDKROOT = iphoneos;
				SWIFT_COMPILATION_MODE = wholemodule;
				SWIFT_OPTIMIZATION_LEVEL = "-O";
				VALIDATE_PRODUCT = YES;
			};
			name = Release;
		};
		9E5698A42864C91500102BAC /* Debug */ = {
			isa = XCBuildConfiguration;
			buildSettings = {
				ASSETCATALOG_COMPILER_APPICON_NAME = AppIcon;
				ASSETCATALOG_COMPILER_GLOBAL_ACCENT_COLOR_NAME = AccentColor;
				CODE_SIGN_STYLE = Automatic;
				CURRENT_PROJECT_VERSION = 1;
				DEVELOPMENT_TEAM = JJD4AR8XMP;
				GENERATE_INFOPLIST_FILE = YES;
				INFOPLIST_FILE = NewBreakingBadApp/Info.plist;
				INFOPLIST_KEY_UIApplicationSupportsIndirectInputEvents = YES;
				INFOPLIST_KEY_UILaunchStoryboardName = LaunchScreen;
				INFOPLIST_KEY_UIMainStoryboardFile = Main;
				INFOPLIST_KEY_UISupportedInterfaceOrientations_iPad = "UIInterfaceOrientationPortrait UIInterfaceOrientationPortraitUpsideDown UIInterfaceOrientationLandscapeLeft UIInterfaceOrientationLandscapeRight";
				INFOPLIST_KEY_UISupportedInterfaceOrientations_iPhone = "UIInterfaceOrientationPortrait UIInterfaceOrientationLandscapeLeft UIInterfaceOrientationLandscapeRight";
				LD_RUNPATH_SEARCH_PATHS = (
					"$(inherited)",
					"@executable_path/Frameworks",
				);
				MARKETING_VERSION = 1.0;
				PRODUCT_BUNDLE_IDENTIFIER = com.sthembiso.NewBreakingBadApp;
				PRODUCT_NAME = "$(TARGET_NAME)";
				SWIFT_EMIT_LOC_STRINGS = YES;
				SWIFT_VERSION = 5.0;
				TARGETED_DEVICE_FAMILY = "1,2";
			};
			name = Debug;
		};
		9E5698A52864C91500102BAC /* Release */ = {
			isa = XCBuildConfiguration;
			buildSettings = {
				ASSETCATALOG_COMPILER_APPICON_NAME = AppIcon;
				ASSETCATALOG_COMPILER_GLOBAL_ACCENT_COLOR_NAME = AccentColor;
				CODE_SIGN_STYLE = Automatic;
				CURRENT_PROJECT_VERSION = 1;
				DEVELOPMENT_TEAM = JJD4AR8XMP;
				GENERATE_INFOPLIST_FILE = YES;
				INFOPLIST_FILE = NewBreakingBadApp/Info.plist;
				INFOPLIST_KEY_UIApplicationSupportsIndirectInputEvents = YES;
				INFOPLIST_KEY_UILaunchStoryboardName = LaunchScreen;
				INFOPLIST_KEY_UIMainStoryboardFile = Main;
				INFOPLIST_KEY_UISupportedInterfaceOrientations_iPad = "UIInterfaceOrientationPortrait UIInterfaceOrientationPortraitUpsideDown UIInterfaceOrientationLandscapeLeft UIInterfaceOrientationLandscapeRight";
				INFOPLIST_KEY_UISupportedInterfaceOrientations_iPhone = "UIInterfaceOrientationPortrait UIInterfaceOrientationLandscapeLeft UIInterfaceOrientationLandscapeRight";
				LD_RUNPATH_SEARCH_PATHS = (
					"$(inherited)",
					"@executable_path/Frameworks",
				);
				MARKETING_VERSION = 1.0;
				PRODUCT_BUNDLE_IDENTIFIER = com.sthembiso.NewBreakingBadApp;
				PRODUCT_NAME = "$(TARGET_NAME)";
				SWIFT_EMIT_LOC_STRINGS = YES;
				SWIFT_VERSION = 5.0;
				TARGETED_DEVICE_FAMILY = "1,2";
			};
			name = Release;
		};
/* End XCBuildConfiguration section */

/* Begin XCConfigurationList section */
		9E56988A2864C91400102BAC /* Build configuration list for PBXProject "NewBreakingBadApp" */ = {
			isa = XCConfigurationList;
			buildConfigurations = (
				9E5698A12864C91500102BAC /* Debug */,
				9E5698A22864C91500102BAC /* Release */,
			);
			defaultConfigurationIsVisible = 0;
			defaultConfigurationName = Release;
		};
		9E5698A32864C91500102BAC /* Build configuration list for PBXNativeTarget "NewBreakingBadApp" */ = {
			isa = XCConfigurationList;
			buildConfigurations = (
				9E5698A42864C91500102BAC /* Debug */,
				9E5698A52864C91500102BAC /* Release */,
			);
			defaultConfigurationIsVisible = 0;
			defaultConfigurationName = Release;
		};
/* End XCConfigurationList section */
	};
	rootObject = 9E5698872864C91400102BAC /* Project object */;
}
